
Microsoft Visual Studio Solution File, Format Version 12.00
# Visual Studio Version 17
VisualStudioVersion = 17.1.32421.90
MinimumVisualStudioVersion = 10.0.40219.1
Project("{9A19103F-16F7-4668-BE54-9A1E7A4F7556}") = "Algoritmos", "Algoritmos.csproj", "{2EDA57ED-1914-4F02-88A1-74AE7A00B181}"
EndProject
Global
	GlobalSection(SolutionConfigurationPlatforms) = preSolution
		Debug|Any CPU = Debug|Any CPU
		Release|Any CPU = Release|Any CPU
	EndGlobalSection
	GlobalSection(ProjectConfigurationPlatforms) = postSolution
		{2EDA57ED-1914-4F02-88A1-74AE7A00B181}.Debug|Any CPU.ActiveCfg = Debug|Any CPU
		{2EDA57ED-1914-4F02-88A1-74AE7A00B181}.Debug|Any CPU.Build.0 = Debug|Any CPU
		{2EDA57ED-1914-4F02-88A1-74AE7A00B181}.Release|Any CPU.ActiveCfg = Release|Any CPU
		{2EDA57ED-1914-4F02-88A1-74AE7A00B181}.Release|Any CPU.Build.0 = Release|Any CPU
	EndGlobalSection
	GlobalSection(SolutionProperties) = preSolution
		HideSolutionNode = FALSE
	EndGlobalSection
	GlobalSection(ExtensibilityGlobals) = postSolution
		SolutionGuid = {CC09D0C4-3590-400B-B474-50A579C18079}
	EndGlobalSection
EndGlobal
